
Microsoft Visual Studio Solution File, Format Version 10.00
# Visual Studio 2008
Project("{FAE04EC0-301F-11D3-BF4B-00C04F79EFBC}") = "YouSoftBathShoe", "YouSoftBathShoe\YouSoftBathShoe.csproj", "{EA9D500E-B05B-4821-8874-32CF8C549376}"
EndProject
Project("{FAE04EC0-301F-11D3-BF4B-00C04F79EFBC}") = "YouSoftBathTechnician", "..\YouSoftBathTechnician\YouSoftBathTechnician\YouSoftBathTechnician.csproj", "{8E9F1D0F-EEAF-4D6F-9F9F-BB86248A1913}"
EndProject
Global
	GlobalSection(SolutionConfigurationPlatforms) = preSolution
		Debug|Any CPU = Debug|Any CPU
		Release|Any CPU = Release|Any CPU
	EndGlobalSection
	GlobalSection(ProjectConfigurationPlatforms) = postSolution
		{EA9D500E-B05B-4821-8874-32CF8C549376}.Debug|Any CPU.ActiveCfg = Debug|Any CPU
		{EA9D500E-B05B-4821-8874-32CF8C549376}.Debug|Any CPU.Build.0 = Debug|Any CPU
		{EA9D500E-B05B-4821-8874-32CF8C549376}.Release|Any CPU.ActiveCfg = Release|Any CPU
		{EA9D500E-B05B-4821-8874-32CF8C549376}.Release|Any CPU.Build.0 = Release|Any CPU
		{8E9F1D0F-EEAF-4D6F-9F9F-BB86248A1913}.Debug|Any CPU.ActiveCfg = Debug|Any CPU
		{8E9F1D0F-EEAF-4D6F-9F9F-BB86248A1913}.Debug|Any CPU.Build.0 = Debug|Any CPU
		{8E9F1D0F-EEAF-4D6F-9F9F-BB86248A1913}.Release|Any CPU.ActiveCfg = Release|Any CPU
		{8E9F1D0F-EEAF-4D6F-9F9F-BB86248A1913}.Release|Any CPU.Build.0 = Release|Any CPU
	EndGlobalSection
	GlobalSection(SolutionProperties) = preSolution
		HideSolutionNode = FALSE
	EndGlobalSection
EndGlobal
