
Microsoft Visual Studio Solution File, Format Version 10.00
# Visual Studio 2008
Project("{FAE04EC0-301F-11D3-BF4B-00C04F79EFBC}") = "YouSoftBathFormClass", "YouSoftBathFormClass\YouSoftBathFormClass.csproj", "{D72B4EE0-E681-4111-B2A5-87B3C243D0B3}"
EndProject
Global
	GlobalSection(SolutionConfigurationPlatforms) = preSolution
		Debug|Any CPU = Debug|Any CPU
		Release|Any CPU = Release|Any CPU
	EndGlobalSection
	GlobalSection(ProjectConfigurationPlatforms) = postSolution
		{D72B4EE0-E681-4111-B2A5-87B3C243D0B3}.Debug|Any CPU.ActiveCfg = Debug|Any CPU
		{D72B4EE0-E681-4111-B2A5-87B3C243D0B3}.Debug|Any CPU.Build.0 = Debug|Any CPU
		{D72B4EE0-E681-4111-B2A5-87B3C243D0B3}.Release|Any CPU.ActiveCfg = Release|Any CPU
		{D72B4EE0-E681-4111-B2A5-87B3C243D0B3}.Release|Any CPU.Build.0 = Release|Any CPU
	EndGlobalSection
	GlobalSection(SolutionProperties) = preSolution
		HideSolutionNode = FALSE
	EndGlobalSection
EndGlobal
