
Microsoft Visual Studio Solution File, Format Version 10.00
# Visual Studio 2008
Project("{FAE04EC0-301F-11D3-BF4B-00C04F79EFBC}") = "YouSoftBathWatcher", "YouSoftBathWatcher\YouSoftBathWatcher.csproj", "{69F949A3-DA28-410F-B6F7-BF70039AA536}"
EndProject
Global
	GlobalSection(SolutionConfigurationPlatforms) = preSolution
		Debug|Any CPU = Debug|Any CPU
		Release|Any CPU = Release|Any CPU
	EndGlobalSection
	GlobalSection(ProjectConfigurationPlatforms) = postSolution
		{69F949A3-DA28-410F-B6F7-BF70039AA536}.Debug|Any CPU.ActiveCfg = Debug|Any CPU
		{69F949A3-DA28-410F-B6F7-BF70039AA536}.Debug|Any CPU.Build.0 = Debug|Any CPU
		{69F949A3-DA28-410F-B6F7-BF70039AA536}.Release|Any CPU.ActiveCfg = Release|Any CPU
		{69F949A3-DA28-410F-B6F7-BF70039AA536}.Release|Any CPU.Build.0 = Release|Any CPU
	EndGlobalSection
	GlobalSection(SolutionProperties) = preSolution
		HideSolutionNode = FALSE
	EndGlobalSection
EndGlobal
